
Microsoft Visual Studio Solution File, Format Version 12.00
# Visual Studio 15
VisualStudioVersion = 15.0.28010.2036
MinimumVisualStudioVersion = 10.0.40219.1
Project("{FAE04EC0-301F-11D3-BF4B-00C04F79EFBC}") = "ControlPAP", "ControlPAP\ControlPAP.csproj", "{991CA907-7759-4970-9893-D95CFA425677}"
EndProject
Global
	GlobalSection(SolutionConfigurationPlatforms) = preSolution
		Debug|Any CPU = Debug|Any CPU
		Release|Any CPU = Release|Any CPU
	EndGlobalSection
	GlobalSection(ProjectConfigurationPlatforms) = postSolution
		{991CA907-7759-4970-9893-D95CFA425677}.Debug|Any CPU.ActiveCfg = Debug|Any CPU
		{991CA907-7759-4970-9893-D95CFA425677}.Debug|Any CPU.Build.0 = Debug|Any CPU
		{991CA907-7759-4970-9893-D95CFA425677}.Release|Any CPU.ActiveCfg = Release|Any CPU
		{991CA907-7759-4970-9893-D95CFA425677}.Release|Any CPU.Build.0 = Release|Any CPU
	EndGlobalSection
	GlobalSection(SolutionProperties) = preSolution
		HideSolutionNode = FALSE
	EndGlobalSection
	GlobalSection(ExtensibilityGlobals) = postSolution
		SolutionGuid = {B341DE52-104B-4A40-888E-EB17B4A3B3E6}
	EndGlobalSection
EndGlobal
